
Microsoft Visual Studio Solution File, Format Version 12.00
# Visual Studio Version 17
VisualStudioVersion = 17.2.32616.157
MinimumVisualStudioVersion = 10.0.40219.1
Project("{FAE04EC0-301F-11D3-BF4B-00C04F79EFBC}") = "MemoryGame", "MemoryGame.csproj", "{A0E5882E-00BA-48A0-89C4-8DA98AC98B1E}"
EndProject
Global
	GlobalSection(SolutionConfigurationPlatforms) = preSolution
		Debug|Any CPU = Debug|Any CPU
		Release|Any CPU = Release|Any CPU
	EndGlobalSection
	GlobalSection(ProjectConfigurationPlatforms) = postSolution
		{A0E5882E-00BA-48A0-89C4-8DA98AC98B1E}.Debug|Any CPU.ActiveCfg = Debug|Any CPU
		{A0E5882E-00BA-48A0-89C4-8DA98AC98B1E}.Debug|Any CPU.Build.0 = Debug|Any CPU
		{A0E5882E-00BA-48A0-89C4-8DA98AC98B1E}.Release|Any CPU.ActiveCfg = Release|Any CPU
		{A0E5882E-00BA-48A0-89C4-8DA98AC98B1E}.Release|Any CPU.Build.0 = Release|Any CPU
	EndGlobalSection
	GlobalSection(SolutionProperties) = preSolution
		HideSolutionNode = FALSE
	EndGlobalSection
	GlobalSection(ExtensibilityGlobals) = postSolution
		SolutionGuid = {A4BFC734-B2C3-44D3-B099-3A9D2F5F14AC}
	EndGlobalSection
EndGlobal
